
Microsoft Visual Studio Solution File, Format Version 12.00
# Visual Studio Version 16
VisualStudioVersion = 16.0.29920.165
MinimumVisualStudioVersion = 10.0.40219.1
Project("{2150E333-8FDC-42A3-9474-1A3956D46DE8}") = "Homework_CSharpBasics_Ln1", "Homework_CSharpBasics_Ln1", "{1049ACB4-B554-414F-80E2-D1E19F7BB69A}"
EndProject
Project("{FAE04EC0-301F-11D3-BF4B-00C04F79EFBC}") = "GeekBrains_CSharpBasics_Ln1_Tsk1", "GeekBrains_CSharpBasics_Ln1_Tsk1\GeekBrains_CSharpBasics_Ln1_Tsk1.csproj", "{6B06E991-D406-404C-997C-40886C9ADA17}"
EndProject
Project("{FAE04EC0-301F-11D3-BF4B-00C04F79EFBC}") = "GeekBrains_CSharpBasics_Ln1_Tsk2", "GeekBrains_CSharpBasics_Ln1_Tsk2\GeekBrains_CSharpBasics_Ln1_Tsk2.csproj", "{C48E4493-F876-4002-85CF-90E9A2B82DB7}"
EndProject
Project("{FAE04EC0-301F-11D3-BF4B-00C04F79EFBC}") = "GeekBrains_CSharpBasics_Ln1_Tsk3", "GeekBrains_CSharpBasics_Ln1_Tsk3\GeekBrains_CSharpBasics_Ln1_Tsk3.csproj", "{CB55AB17-8842-4547-B6D9-E3D7C5C755C5}"
EndProject
Project("{FAE04EC0-301F-11D3-BF4B-00C04F79EFBC}") = "GeekBrains_CSharpBasics_Ln1_Tsk4", "GeekBrains_CSharpBasics_Ln1_Tsk4\GeekBrains_CSharpBasics_Ln1_Tsk4.csproj", "{C1D53794-DAA3-4772-9101-1E0C7759E131}"
EndProject
Project("{FAE04EC0-301F-11D3-BF4B-00C04F79EFBC}") = "GeekBrains_CSharpBasics_Ln1_Tsk5", "GeekBrains_CSharpBasics_Ln1_Tsk5\GeekBrains_CSharpBasics_Ln1_Tsk5.csproj", "{7C92C9E9-3507-46D5-8615-C03B28BAA493}"
EndProject
Project("{FAE04EC0-301F-11D3-BF4B-00C04F79EFBC}") = "GeekBrains_CSharpBasics_Ln1_Tsk6", "GeekBrains_CSharpBasics_Ln1_Tsk6\GeekBrains_CSharpBasics_Ln1_Tsk6.csproj", "{539BDEC9-D49A-47CC-A0DF-CE9D69AE850D}"
EndProject
Project("{FAE04EC0-301F-11D3-BF4B-00C04F79EFBC}") = "TestApp", "TestApp\TestApp.csproj", "{AC17DC9F-D162-4D36-A1AF-84E3F292DEA2}"
EndProject
Project("{2150E333-8FDC-42A3-9474-1A3956D46DE8}") = "Homework_CSharpBasics_Ln2", "Homework_CSharpBasics_Ln2", "{EE8344F9-B21F-4F4B-B049-C646BB3608D4}"
EndProject
Project("{FAE04EC0-301F-11D3-BF4B-00C04F79EFBC}") = "GeekBrains_CSharpBasics_Ln2_Navigation", "GeekBrains_CSharpBasics_Ln2_Navigation\GeekBrains_CSharpBasics_Ln2_Navigation.csproj", "{5ACC7331-3701-4CAF-8C9E-BBC8DEBC730E}"
EndProject
Project("{FAE04EC0-301F-11D3-BF4B-00C04F79EFBC}") = "GeekBrains_CSharpBasics_Ln3_Tsk1", "GeekBrains_CSharpBasics_Ln3_Tsk1\GeekBrains_CSharpBasics_Ln3_Tsk1.csproj", "{EDC4FB44-A208-4740-801E-1F5320A9BD1E}"
EndProject
Project("{FAE04EC0-301F-11D3-BF4B-00C04F79EFBC}") = "GeekBrains_CSharpBasics_Ln3_Tsk2", "GeekBrains_CSharpBasics_Ln3_Tsk2\GeekBrains_CSharpBasics_Ln3_Tsk2.csproj", "{FC657F1B-4441-4C6A-94A3-398E334911A5}"
EndProject
Project("{FAE04EC0-301F-11D3-BF4B-00C04F79EFBC}") = "GeekBrains_CSharpBasics_Ln3_Tsk3", "GeekBrains_CSharpBasics_Ln3_Tsk3\GeekBrains_CSharpBasics_Ln3_Tsk3.csproj", "{134FE69B-CF0E-41AA-B6B9-4F6858EB9D20}"
EndProject
Project("{2150E333-8FDC-42A3-9474-1A3956D46DE8}") = "Homework_CSharpBasics_Ln3", "Homework_CSharpBasics_Ln3", "{F00FB194-2C41-42E4-8CE0-DFA43A9A351F}"
EndProject
Project("{FAE04EC0-301F-11D3-BF4B-00C04F79EFBC}") = "GeekBrains_CSharpBasics_Ln4_Tsk1", "GeekBrains_CSharpBasics_Ln4_Tsk1\GeekBrains_CSharpBasics_Ln4_Tsk1.csproj", "{7596AA69-C38B-4B7E-B0F8-2F97B38F3D5F}"
EndProject
Project("{FAE04EC0-301F-11D3-BF4B-00C04F79EFBC}") = "GeekBrains_CSharpBasics_Ln4_Tsk2", "GeekBrains_CSharpBasics_Ln4_Tsk2\GeekBrains_CSharpBasics_Ln4_Tsk2.csproj", "{FC043EBD-C7E9-48E2-AA10-48598B7183D5}"
EndProject
Project("{FAE04EC0-301F-11D3-BF4B-00C04F79EFBC}") = "GeekBrains_CSharpBasics_Ln4_Tsk3", "GeekBrains_CSharpBasics_Ln4_Tsk3\GeekBrains_CSharpBasics_Ln4_Tsk3.csproj", "{4F6E1720-66E2-4F55-BCE8-405688A6588F}"
EndProject
Project("{FAE04EC0-301F-11D3-BF4B-00C04F79EFBC}") = "GeekBrains_CSharpBasics_Ln4_Tsk3_Demonstration", "GeekBrains_CSharpBasics_Ln4_Tsk3_Demonstration\GeekBrains_CSharpBasics_Ln4_Tsk3_Demonstration.csproj", "{354313D3-08E7-4B19-96CB-927DF42026C4}"
EndProject
Project("{FAE04EC0-301F-11D3-BF4B-00C04F79EFBC}") = "GeekBrains_CSharpBasics_Ln4_Tsk4", "GeekBrains_CSharpBasics_Ln4_Tsk4\GeekBrains_CSharpBasics_Ln4_Tsk4.csproj", "{EF9D93CA-B8A2-4CC0-8E7C-2601917B8841}"
EndProject
Project("{FAE04EC0-301F-11D3-BF4B-00C04F79EFBC}") = "GeekBrains_CSharpBasics_Ln4_Tsk5", "GeekBrains_CSharpBasics_Ln4_Tsk5\GeekBrains_CSharpBasics_Ln4_Tsk5.csproj", "{8192C186-770E-4DE6-94BA-BA3E7B73B9DC}"
EndProject
Project("{FAE04EC0-301F-11D3-BF4B-00C04F79EFBC}") = "GeekBrains_CSharpBasics_Ln4_Tsk5_Demonstration", "GeekBrains_CSharpBasics_Ln4_Tsk5_Demonstration\GeekBrains_CSharpBasics_Ln4_Tsk5_Demonstration.csproj", "{0F50C340-158C-41DC-BD5C-0D1938CDBC75}"
EndProject
Global
	GlobalSection(SolutionConfigurationPlatforms) = preSolution
		Debug|Any CPU = Debug|Any CPU
		Release|Any CPU = Release|Any CPU
	EndGlobalSection
	GlobalSection(ProjectConfigurationPlatforms) = postSolution
		{6B06E991-D406-404C-997C-40886C9ADA17}.Debug|Any CPU.ActiveCfg = Debug|Any CPU
		{6B06E991-D406-404C-997C-40886C9ADA17}.Debug|Any CPU.Build.0 = Debug|Any CPU
		{6B06E991-D406-404C-997C-40886C9ADA17}.Release|Any CPU.ActiveCfg = Release|Any CPU
		{6B06E991-D406-404C-997C-40886C9ADA17}.Release|Any CPU.Build.0 = Release|Any CPU
		{C48E4493-F876-4002-85CF-90E9A2B82DB7}.Debug|Any CPU.ActiveCfg = Debug|Any CPU
		{C48E4493-F876-4002-85CF-90E9A2B82DB7}.Debug|Any CPU.Build.0 = Debug|Any CPU
		{C48E4493-F876-4002-85CF-90E9A2B82DB7}.Release|Any CPU.ActiveCfg = Release|Any CPU
		{C48E4493-F876-4002-85CF-90E9A2B82DB7}.Release|Any CPU.Build.0 = Release|Any CPU
		{CB55AB17-8842-4547-B6D9-E3D7C5C755C5}.Debug|Any CPU.ActiveCfg = Debug|Any CPU
		{CB55AB17-8842-4547-B6D9-E3D7C5C755C5}.Debug|Any CPU.Build.0 = Debug|Any CPU
		{CB55AB17-8842-4547-B6D9-E3D7C5C755C5}.Release|Any CPU.ActiveCfg = Release|Any CPU
		{CB55AB17-8842-4547-B6D9-E3D7C5C755C5}.Release|Any CPU.Build.0 = Release|Any CPU
		{C1D53794-DAA3-4772-9101-1E0C7759E131}.Debug|Any CPU.ActiveCfg = Debug|Any CPU
		{C1D53794-DAA3-4772-9101-1E0C7759E131}.Debug|Any CPU.Build.0 = Debug|Any CPU
		{C1D53794-DAA3-4772-9101-1E0C7759E131}.Release|Any CPU.ActiveCfg = Release|Any CPU
		{C1D53794-DAA3-4772-9101-1E0C7759E131}.Release|Any CPU.Build.0 = Release|Any CPU
		{7C92C9E9-3507-46D5-8615-C03B28BAA493}.Debug|Any CPU.ActiveCfg = Debug|Any CPU
		{7C92C9E9-3507-46D5-8615-C03B28BAA493}.Debug|Any CPU.Build.0 = Debug|Any CPU
		{7C92C9E9-3507-46D5-8615-C03B28BAA493}.Release|Any CPU.ActiveCfg = Release|Any CPU
		{7C92C9E9-3507-46D5-8615-C03B28BAA493}.Release|Any CPU.Build.0 = Release|Any CPU
		{539BDEC9-D49A-47CC-A0DF-CE9D69AE850D}.Debug|Any CPU.ActiveCfg = Debug|Any CPU
		{539BDEC9-D49A-47CC-A0DF-CE9D69AE850D}.Debug|Any CPU.Build.0 = Debug|Any CPU
		{539BDEC9-D49A-47CC-A0DF-CE9D69AE850D}.Release|Any CPU.ActiveCfg = Release|Any CPU
		{539BDEC9-D49A-47CC-A0DF-CE9D69AE850D}.Release|Any CPU.Build.0 = Release|Any CPU
		{AC17DC9F-D162-4D36-A1AF-84E3F292DEA2}.Debug|Any CPU.ActiveCfg = Debug|Any CPU
		{AC17DC9F-D162-4D36-A1AF-84E3F292DEA2}.Debug|Any CPU.Build.0 = Debug|Any CPU
		{AC17DC9F-D162-4D36-A1AF-84E3F292DEA2}.Release|Any CPU.ActiveCfg = Release|Any CPU
		{AC17DC9F-D162-4D36-A1AF-84E3F292DEA2}.Release|Any CPU.Build.0 = Release|Any CPU
		{5ACC7331-3701-4CAF-8C9E-BBC8DEBC730E}.Debug|Any CPU.ActiveCfg = Debug|Any CPU
		{5ACC7331-3701-4CAF-8C9E-BBC8DEBC730E}.Debug|Any CPU.Build.0 = Debug|Any CPU
		{5ACC7331-3701-4CAF-8C9E-BBC8DEBC730E}.Release|Any CPU.ActiveCfg = Release|Any CPU
		{5ACC7331-3701-4CAF-8C9E-BBC8DEBC730E}.Release|Any CPU.Build.0 = Release|Any CPU
		{EDC4FB44-A208-4740-801E-1F5320A9BD1E}.Debug|Any CPU.ActiveCfg = Debug|Any CPU
		{EDC4FB44-A208-4740-801E-1F5320A9BD1E}.Debug|Any CPU.Build.0 = Debug|Any CPU
		{EDC4FB44-A208-4740-801E-1F5320A9BD1E}.Release|Any CPU.ActiveCfg = Release|Any CPU
		{EDC4FB44-A208-4740-801E-1F5320A9BD1E}.Release|Any CPU.Build.0 = Release|Any CPU
		{FC657F1B-4441-4C6A-94A3-398E334911A5}.Debug|Any CPU.ActiveCfg = Debug|Any CPU
		{FC657F1B-4441-4C6A-94A3-398E334911A5}.Debug|Any CPU.Build.0 = Debug|Any CPU
		{FC657F1B-4441-4C6A-94A3-398E334911A5}.Release|Any CPU.ActiveCfg = Release|Any CPU
		{FC657F1B-4441-4C6A-94A3-398E334911A5}.Release|Any CPU.Build.0 = Release|Any CPU
		{134FE69B-CF0E-41AA-B6B9-4F6858EB9D20}.Debug|Any CPU.ActiveCfg = Debug|Any CPU
		{134FE69B-CF0E-41AA-B6B9-4F6858EB9D20}.Debug|Any CPU.Build.0 = Debug|Any CPU
		{134FE69B-CF0E-41AA-B6B9-4F6858EB9D20}.Release|Any CPU.ActiveCfg = Release|Any CPU
		{134FE69B-CF0E-41AA-B6B9-4F6858EB9D20}.Release|Any CPU.Build.0 = Release|Any CPU
		{7596AA69-C38B-4B7E-B0F8-2F97B38F3D5F}.Debug|Any CPU.ActiveCfg = Debug|Any CPU
		{7596AA69-C38B-4B7E-B0F8-2F97B38F3D5F}.Debug|Any CPU.Build.0 = Debug|Any CPU
		{7596AA69-C38B-4B7E-B0F8-2F97B38F3D5F}.Release|Any CPU.ActiveCfg = Release|Any CPU
		{7596AA69-C38B-4B7E-B0F8-2F97B38F3D5F}.Release|Any CPU.Build.0 = Release|Any CPU
		{FC043EBD-C7E9-48E2-AA10-48598B7183D5}.Debug|Any CPU.ActiveCfg = Debug|Any CPU
		{FC043EBD-C7E9-48E2-AA10-48598B7183D5}.Debug|Any CPU.Build.0 = Debug|Any CPU
		{FC043EBD-C7E9-48E2-AA10-48598B7183D5}.Release|Any CPU.ActiveCfg = Release|Any CPU
		{FC043EBD-C7E9-48E2-AA10-48598B7183D5}.Release|Any CPU.Build.0 = Release|Any CPU
		{4F6E1720-66E2-4F55-BCE8-405688A6588F}.Debug|Any CPU.ActiveCfg = Debug|Any CPU
		{4F6E1720-66E2-4F55-BCE8-405688A6588F}.Debug|Any CPU.Build.0 = Debug|Any CPU
		{4F6E1720-66E2-4F55-BCE8-405688A6588F}.Release|Any CPU.ActiveCfg = Release|Any CPU
		{4F6E1720-66E2-4F55-BCE8-405688A6588F}.Release|Any CPU.Build.0 = Release|Any CPU
		{354313D3-08E7-4B19-96CB-927DF42026C4}.Debug|Any CPU.ActiveCfg = Debug|Any CPU
		{354313D3-08E7-4B19-96CB-927DF42026C4}.Debug|Any CPU.Build.0 = Debug|Any CPU
		{354313D3-08E7-4B19-96CB-927DF42026C4}.Release|Any CPU.ActiveCfg = Release|Any CPU
		{354313D3-08E7-4B19-96CB-927DF42026C4}.Release|Any CPU.Build.0 = Release|Any CPU
		{EF9D93CA-B8A2-4CC0-8E7C-2601917B8841}.Debug|Any CPU.ActiveCfg = Debug|Any CPU
		{EF9D93CA-B8A2-4CC0-8E7C-2601917B8841}.Debug|Any CPU.Build.0 = Debug|Any CPU
		{EF9D93CA-B8A2-4CC0-8E7C-2601917B8841}.Release|Any CPU.ActiveCfg = Release|Any CPU
		{EF9D93CA-B8A2-4CC0-8E7C-2601917B8841}.Release|Any CPU.Build.0 = Release|Any CPU
		{8192C186-770E-4DE6-94BA-BA3E7B73B9DC}.Debug|Any CPU.ActiveCfg = Debug|Any CPU
		{8192C186-770E-4DE6-94BA-BA3E7B73B9DC}.Debug|Any CPU.Build.0 = Debug|Any CPU
		{8192C186-770E-4DE6-94BA-BA3E7B73B9DC}.Release|Any CPU.ActiveCfg = Release|Any CPU
		{8192C186-770E-4DE6-94BA-BA3E7B73B9DC}.Release|Any CPU.Build.0 = Release|Any CPU
		{0F50C340-158C-41DC-BD5C-0D1938CDBC75}.Debug|Any CPU.ActiveCfg = Debug|Any CPU
		{0F50C340-158C-41DC-BD5C-0D1938CDBC75}.Debug|Any CPU.Build.0 = Debug|Any CPU
		{0F50C340-158C-41DC-BD5C-0D1938CDBC75}.Release|Any CPU.ActiveCfg = Release|Any CPU
		{0F50C340-158C-41DC-BD5C-0D1938CDBC75}.Release|Any CPU.Build.0 = Release|Any CPU
	EndGlobalSection
	GlobalSection(SolutionProperties) = preSolution
		HideSolutionNode = FALSE
	EndGlobalSection
	GlobalSection(NestedProjects) = preSolution
		{6B06E991-D406-404C-997C-40886C9ADA17} = {1049ACB4-B554-414F-80E2-D1E19F7BB69A}
		{C48E4493-F876-4002-85CF-90E9A2B82DB7} = {1049ACB4-B554-414F-80E2-D1E19F7BB69A}
		{CB55AB17-8842-4547-B6D9-E3D7C5C755C5} = {1049ACB4-B554-414F-80E2-D1E19F7BB69A}
		{C1D53794-DAA3-4772-9101-1E0C7759E131} = {1049ACB4-B554-414F-80E2-D1E19F7BB69A}
		{7C92C9E9-3507-46D5-8615-C03B28BAA493} = {1049ACB4-B554-414F-80E2-D1E19F7BB69A}
		{539BDEC9-D49A-47CC-A0DF-CE9D69AE850D} = {1049ACB4-B554-414F-80E2-D1E19F7BB69A}
		{5ACC7331-3701-4CAF-8C9E-BBC8DEBC730E} = {EE8344F9-B21F-4F4B-B049-C646BB3608D4}
		{EDC4FB44-A208-4740-801E-1F5320A9BD1E} = {F00FB194-2C41-42E4-8CE0-DFA43A9A351F}
		{FC657F1B-4441-4C6A-94A3-398E334911A5} = {F00FB194-2C41-42E4-8CE0-DFA43A9A351F}
		{134FE69B-CF0E-41AA-B6B9-4F6858EB9D20} = {F00FB194-2C41-42E4-8CE0-DFA43A9A351F}
	EndGlobalSection
	GlobalSection(ExtensibilityGlobals) = postSolution
		SolutionGuid = {874002D9-AF4E-43CB-A2D7-0A1D38C5CF20}
	EndGlobalSection
EndGlobal
