
Microsoft Visual Studio Solution File, Format Version 12.00
# Visual Studio Version 16
VisualStudioVersion = 16.0.29920.165
MinimumVisualStudioVersion = 10.0.40219.1
Project("{2150E333-8FDC-42A3-9474-1A3956D46DE8}") = "Homework_CSharpBasics_Ln1", "Homework_CSharpBasics_Ln1", "{1049ACB4-B554-414F-80E2-D1E19F7BB69A}"
EndProject
Project("{FAE04EC0-301F-11D3-BF4B-00C04F79EFBC}") = "GeekBrains_CSharpBasics_Ln1_Tsk1", "GeekBrains_CSharpBasics_Ln1_Tsk1\GeekBrains_CSharpBasics_Ln1_Tsk1.csproj", "{6B06E991-D406-404C-997C-40886C9ADA17}"
EndProject
Project("{FAE04EC0-301F-11D3-BF4B-00C04F79EFBC}") = "GeekBrains_CSharpBasics_Ln1_Tsk2", "GeekBrains_CSharpBasics_Ln1_Tsk2\GeekBrains_CSharpBasics_Ln1_Tsk2.csproj", "{C48E4493-F876-4002-85CF-90E9A2B82DB7}"
EndProject
Project("{FAE04EC0-301F-11D3-BF4B-00C04F79EFBC}") = "GeekBrains_CSharpBasics_Ln1_Tsk3", "GeekBrains_CSharpBasics_Ln1_Tsk3\GeekBrains_CSharpBasics_Ln1_Tsk3.csproj", "{CB55AB17-8842-4547-B6D9-E3D7C5C755C5}"
EndProject
Project("{FAE04EC0-301F-11D3-BF4B-00C04F79EFBC}") = "GeekBrains_CSharpBasics_Ln1_Tsk4", "GeekBrains_CSharpBasics_Ln1_Tsk4\GeekBrains_CSharpBasics_Ln1_Tsk4.csproj", "{C1D53794-DAA3-4772-9101-1E0C7759E131}"
EndProject
Project("{FAE04EC0-301F-11D3-BF4B-00C04F79EFBC}") = "GeekBrains_CSharpBasics_Ln1_Tsk5", "GeekBrains_CSharpBasics_Ln1_Tsk5\GeekBrains_CSharpBasics_Ln1_Tsk5.csproj", "{7C92C9E9-3507-46D5-8615-C03B28BAA493}"
EndProject
Project("{FAE04EC0-301F-11D3-BF4B-00C04F79EFBC}") = "GeekBrains_CSharpBasics_Ln1_Tsk6", "GeekBrains_CSharpBasics_Ln1_Tsk6\GeekBrains_CSharpBasics_Ln1_Tsk6.csproj", "{539BDEC9-D49A-47CC-A0DF-CE9D69AE850D}"
EndProject
Project("{FAE04EC0-301F-11D3-BF4B-00C04F79EFBC}") = "TestApp", "TestApp\TestApp.csproj", "{AC17DC9F-D162-4D36-A1AF-84E3F292DEA2}"
EndProject
Project("{2150E333-8FDC-42A3-9474-1A3956D46DE8}") = "Homework_CSharpBasics_Ln2", "Homework_CSharpBasics_Ln2", "{EE8344F9-B21F-4F4B-B049-C646BB3608D4}"
EndProject
Project("{FAE04EC0-301F-11D3-BF4B-00C04F79EFBC}") = "GeekBrains_CSharpBasics_Ln2_Navigation", "GeekBrains_CSharpBasics_Ln2_Navigation\GeekBrains_CSharpBasics_Ln2_Navigation.csproj", "{5ACC7331-3701-4CAF-8C9E-BBC8DEBC730E}"
EndProject
Project("{FAE04EC0-301F-11D3-BF4B-00C04F79EFBC}") = "GeekBrains_CSharpBasics_Ln3_Tsk1", "GeekBrains_CSharpBasics_Ln3_Tsk1\GeekBrains_CSharpBasics_Ln3_Tsk1.csproj", "{EDC4FB44-A208-4740-801E-1F5320A9BD1E}"
EndProject
Project("{FAE04EC0-301F-11D3-BF4B-00C04F79EFBC}") = "GeekBrains_CSharpBasics_Ln3_Tsk2", "GeekBrains_CSharpBasics_Ln3_Tsk2\GeekBrains_CSharpBasics_Ln3_Tsk2.csproj", "{FC657F1B-4441-4C6A-94A3-398E334911A5}"
EndProject
Project("{FAE04EC0-301F-11D3-BF4B-00C04F79EFBC}") = "GeekBrains_CSharpBasics_Ln3_Tsk3", "GeekBrains_CSharpBasics_Ln3_Tsk3\GeekBrains_CSharpBasics_Ln3_Tsk3.csproj", "{134FE69B-CF0E-41AA-B6B9-4F6858EB9D20}"
EndProject
Project("{2150E333-8FDC-42A3-9474-1A3956D46DE8}") = "Homework_CSharpBasics_Ln3", "Homework_CSharpBasics_Ln3", "{F00FB194-2C41-42E4-8CE0-DFA43A9A351F}"
EndProject
Project("{FAE04EC0-301F-11D3-BF4B-00C04F79EFBC}") = "GeekBrains_CSharpBasics_Ln4_Tsk1", "GeekBrains_CSharpBasics_Ln4_Tsk1\GeekBrains_CSharpBasics_Ln4_Tsk1.csproj", "{7596AA69-C38B-4B7E-B0F8-2F97B38F3D5F}"
EndProject
Project("{FAE04EC0-301F-11D3-BF4B-00C04F79EFBC}") = "GeekBrains_CSharpBasics_Ln4_Tsk2", "GeekBrains_CSharpBasics_Ln4_Tsk2\GeekBrains_CSharpBasics_Ln4_Tsk2.csproj", "{FC043EBD-C7E9-48E2-AA10-48598B7183D5}"
EndProject
Project("{FAE04EC0-301F-11D3-BF4B-00C04F79EFBC}") = "GeekBrains_CSharpBasics_Ln4_Tsk3", "GeekBrains_CSharpBasics_Ln4_Tsk3\GeekBrains_CSharpBasics_Ln4_Tsk3.csproj", "{4F6E1720-66E2-4F55-BCE8-405688A6588F}"
EndProject
Project("{FAE04EC0-301F-11D3-BF4B-00C04F79EFBC}") = "GeekBrains_CSharpBasics_Ln4_Tsk3_Demonstration", "GeekBrains_CSharpBasics_Ln4_Tsk3_Demonstration\GeekBrains_CSharpBasics_Ln4_Tsk3_Demonstration.csproj", "{354313D3-08E7-4B19-96CB-927DF42026C4}"
EndProject
Project("{FAE04EC0-301F-11D3-BF4B-00C04F79EFBC}") = "GeekBrains_CSharpBasics_Ln4_Tsk4", "GeekBrains_CSharpBasics_Ln4_Tsk4\GeekBrains_CSharpBasics_Ln4_Tsk4.csproj", "{EF9D93CA-B8A2-4CC0-8E7C-2601917B8841}"
EndProject
Project("{FAE04EC0-301F-11D3-BF4B-00C04F79EFBC}") = "GeekBrains_CSharpBasics_Ln4_Tsk5", "GeekBrains_CSharpBasics_Ln4_Tsk5\GeekBrains_CSharpBasics_Ln4_Tsk5.csproj", "{8192C186-770E-4DE6-94BA-BA3E7B73B9DC}"
EndProject
Project("{FAE04EC0-301F-11D3-BF4B-00C04F79EFBC}") = "GeekBrains_CSharpBasics_Ln4_Tsk5_Demonstration", "GeekBrains_CSharpBasics_Ln4_Tsk5_Demonstration\GeekBrains_CSharpBasics_Ln4_Tsk5_Demonstration.csproj", "{0F50C340-158C-41DC-BD5C-0D1938CDBC75}"
EndProject
Project("{2150E333-8FDC-42A3-9474-1A3956D46DE8}") = "Homework_CSharpBasics_Ln4", "Homework_CSharpBasics_Ln4", "{81353819-57E3-4F18-A294-691FE93650D4}"
EndProject
Project("{FAE04EC0-301F-11D3-BF4B-00C04F79EFBC}") = "GeekBrains_CSharpBasics_Ln5_Tsk1", "GeekBrains_CSharpBasics_Ln5_Tsk1\GeekBrains_CSharpBasics_Ln5_Tsk1.csproj", "{2A0EDE03-DC02-44E4-96E9-22737EA9D231}"
EndProject
Project("{FAE04EC0-301F-11D3-BF4B-00C04F79EFBC}") = "GeekBrains_CSharpBasics_Ln5_Tsk2", "GeekBrains_CSharpBasics_Ln5_Tsk2\GeekBrains_CSharpBasics_Ln5_Tsk2.csproj", "{965FC5D3-3C4C-4315-A4CF-B78C519B44D3}"
EndProject
Project("{2150E333-8FDC-42A3-9474-1A3956D46DE8}") = "Homework_CSharpBasics_Ln5", "Homework_CSharpBasics_Ln5", "{EFFCBB8B-B364-4FD9-AC86-8725027F9957}"
EndProject
Project("{FAE04EC0-301F-11D3-BF4B-00C04F79EFBC}") = "GeekBrains_CSharpBasics_Ln5_Tsk3", "GeekBrains_CSharpBasics_Ln5_Tsk3\GeekBrains_CSharpBasics_Ln5_Tsk3.csproj", "{44C919A4-4959-48F7-916F-E3E42DFA573B}"
EndProject
Project("{FAE04EC0-301F-11D3-BF4B-00C04F79EFBC}") = "GeekBrains_CSharpBasics_Ln5_Tsk4", "GeekBrains_CSharpBasics_Ln5_Tsk4\GeekBrains_CSharpBasics_Ln5_Tsk4.csproj", "{E8068FEE-DA51-4F94-A41E-C855B4191960}"
EndProject
Project("{FAE04EC0-301F-11D3-BF4B-00C04F79EFBC}") = "GeekBrains_CSharpBasics_Ln5_Tsk5", "GeekBrains_CSharpBasics_Ln5_Tsk5\GeekBrains_CSharpBasics_Ln5_Tsk5.csproj", "{051E242B-ABD1-411C-8873-996EA83313AE}"
EndProject
Project("{FAE04EC0-301F-11D3-BF4B-00C04F79EFBC}") = "GeekBrains_CSharpBasics_Ln6_Tsk1", "GeekBrains_CSharpBasics_Ln6_Tsk1\GeekBrains_CSharpBasics_Ln6_Tsk1.csproj", "{798500EB-F7C4-48F6-9671-5AE8271AAE96}"
EndProject
Project("{FAE04EC0-301F-11D3-BF4B-00C04F79EFBC}") = "GeekBrains_CSharpBasics_Ln6_Tsk2", "GeekBrains_CSharpBasics_Ln6_Tsk2\GeekBrains_CSharpBasics_Ln6_Tsk2.csproj", "{686C9FC4-DB56-4E92-A419-049B57188575}"
EndProject
Project("{FAE04EC0-301F-11D3-BF4B-00C04F79EFBC}") = "GeekBrains_CSharpBasics_Ln6_Tsk3", "GeekBrains_CSharpBasics_Ln6_Tsk3\GeekBrains_CSharpBasics_Ln6_Tsk3.csproj", "{5C4F806B-AF1F-414F-A01F-2813819370B2}"
EndProject
Project("{FAE04EC0-301F-11D3-BF4B-00C04F79EFBC}") = "GeekBrains_CSharpBasics_Ln6_Tsk4", "GeekBrains_CSharpBasics_Ln6_Tsk4\GeekBrains_CSharpBasics_Ln6_Tsk4.csproj", "{0B51E518-0630-4F52-BA0F-75F48691C84A}"
EndProject
Project("{FAE04EC0-301F-11D3-BF4B-00C04F79EFBC}") = "GeekBrains_CSharpBasics_Ln6_Tsk4_New", "GeekBrains_CSharpBasics_Ln6_Tsk4_New\GeekBrains_CSharpBasics_Ln6_Tsk4_New.csproj", "{E7C70062-E894-4637-A026-73EAE58A6BE6}"
EndProject
Project("{FAE04EC0-301F-11D3-BF4B-00C04F79EFBC}") = "GeekBrains_CSharpBasics_Ln6_Tsk5", "GeekBrains_CSharpBasics_Ln6_Tsk5\GeekBrains_CSharpBasics_Ln6_Tsk5.csproj", "{57FBF830-A444-4879-A9C2-0CA71A2947FB}"
EndProject
Project("{FAE04EC0-301F-11D3-BF4B-00C04F79EFBC}") = "GeekBrains_CSharpBasics_Ln6_Tsk6", "GeekBrains_CSharpBasics_Ln6_Tsk6\GeekBrains_CSharpBasics_Ln6_Tsk6.csproj", "{BFED3321-93E4-4E85-806F-685C458A4D21}"
EndProject
Project("{2150E333-8FDC-42A3-9474-1A3956D46DE8}") = "Homework_CSharpBasics_Ln6", "Homework_CSharpBasics_Ln6", "{A5B93072-285D-4A1F-9A9F-843356BC07BF}"
EndProject
Project("{FAE04EC0-301F-11D3-BF4B-00C04F79EFBC}") = "GeekBrains_CSharpBasics_Ln7_Tsk1", "GeekBrains_CSharpBasics_Ln7_Tsk1\GeekBrains_CSharpBasics_Ln7_Tsk1.csproj", "{70C3AA08-5C73-41C6-97A0-DBB2482D45A3}"
EndProject
Project("{FAE04EC0-301F-11D3-BF4B-00C04F79EFBC}") = "GeekBrains_CSharpBasics_Ln7_Tsk2", "GeekBrains_CSharpBasics_Ln7_Tsk2\GeekBrains_CSharpBasics_Ln7_Tsk2.csproj", "{6B0B9B9D-6F6A-425F-848D-95879D0B1CC3}"
EndProject
Project("{FAE04EC0-301F-11D3-BF4B-00C04F79EFBC}") = "GeekBrains_CSharpBasics_Ln7_Tsk3", "GeekBrains_CSharpBasics_Ln7_Tsk3\GeekBrains_CSharpBasics_Ln7_Tsk3.csproj", "{19818812-9940-4594-B228-C9996BD37B78}"
EndProject
Project("{2150E333-8FDC-42A3-9474-1A3956D46DE8}") = "Homework_CSharpBasics_ln7", "Homework_CSharpBasics_ln7", "{AE8BEE4E-734A-4597-8DC3-9D0543EAC02A}"
EndProject
Project("{FAE04EC0-301F-11D3-BF4B-00C04F79EFBC}") = "GeekBrains_CSharpBasics_Ln8_Tsk1", "GeekBrains_CSharpBasics_Ln8_Tsk1\GeekBrains_CSharpBasics_Ln8_Tsk1.csproj", "{88A9EDAA-044B-4EC5-94ED-30FEAB2234BF}"
EndProject
Project("{FAE04EC0-301F-11D3-BF4B-00C04F79EFBC}") = "GeekBrains_CSharpBasics_Ln8_Tsk3", "GeekBrains_CSharpBasics_Ln8_Tsk3\GeekBrains_CSharpBasics_Ln8_Tsk3.csproj", "{99E36FBF-E4CF-430B-ABD1-DF4BF17ECD06}"
EndProject
Project("{FAE04EC0-301F-11D3-BF4B-00C04F79EFBC}") = "GeekBrains_CSharpBasics_Ln8_Tsk2", "GeekBrains_CSharpBasics_Ln8_Tsk2\GeekBrains_CSharpBasics_Ln8_Tsk2.csproj", "{F0B1719C-31E1-47D7-95A0-5F82B1B4CF99}"
EndProject
Project("{FAE04EC0-301F-11D3-BF4B-00C04F79EFBC}") = "GeekBrains_CSharpBasics_Ln8_Tsk4", "GeekBrains_CSharpBasics_Ln8_Tsk4\GeekBrains_CSharpBasics_Ln8_Tsk4.csproj", "{3AE2C8C1-0054-4B2B-BD48-C99C8001ABE7}"
EndProject
Project("{FAE04EC0-301F-11D3-BF4B-00C04F79EFBC}") = "GeekBrains_CSharpBasics_Ln8_Tsk5", "GeekBrains_CSharpBasics_Ln8_Tsk5\GeekBrains_CSharpBasics_Ln8_Tsk5.csproj", "{07763F50-39CB-461F-B437-C62C5F10453F}"
EndProject
Global
	GlobalSection(SolutionConfigurationPlatforms) = preSolution
		Debug|Any CPU = Debug|Any CPU
		Release|Any CPU = Release|Any CPU
	EndGlobalSection
	GlobalSection(ProjectConfigurationPlatforms) = postSolution
		{6B06E991-D406-404C-997C-40886C9ADA17}.Debug|Any CPU.ActiveCfg = Debug|Any CPU
		{6B06E991-D406-404C-997C-40886C9ADA17}.Debug|Any CPU.Build.0 = Debug|Any CPU
		{6B06E991-D406-404C-997C-40886C9ADA17}.Release|Any CPU.ActiveCfg = Release|Any CPU
		{6B06E991-D406-404C-997C-40886C9ADA17}.Release|Any CPU.Build.0 = Release|Any CPU
		{C48E4493-F876-4002-85CF-90E9A2B82DB7}.Debug|Any CPU.ActiveCfg = Debug|Any CPU
		{C48E4493-F876-4002-85CF-90E9A2B82DB7}.Debug|Any CPU.Build.0 = Debug|Any CPU
		{C48E4493-F876-4002-85CF-90E9A2B82DB7}.Release|Any CPU.ActiveCfg = Release|Any CPU
		{C48E4493-F876-4002-85CF-90E9A2B82DB7}.Release|Any CPU.Build.0 = Release|Any CPU
		{CB55AB17-8842-4547-B6D9-E3D7C5C755C5}.Debug|Any CPU.ActiveCfg = Debug|Any CPU
		{CB55AB17-8842-4547-B6D9-E3D7C5C755C5}.Debug|Any CPU.Build.0 = Debug|Any CPU
		{CB55AB17-8842-4547-B6D9-E3D7C5C755C5}.Release|Any CPU.ActiveCfg = Release|Any CPU
		{CB55AB17-8842-4547-B6D9-E3D7C5C755C5}.Release|Any CPU.Build.0 = Release|Any CPU
		{C1D53794-DAA3-4772-9101-1E0C7759E131}.Debug|Any CPU.ActiveCfg = Debug|Any CPU
		{C1D53794-DAA3-4772-9101-1E0C7759E131}.Debug|Any CPU.Build.0 = Debug|Any CPU
		{C1D53794-DAA3-4772-9101-1E0C7759E131}.Release|Any CPU.ActiveCfg = Release|Any CPU
		{C1D53794-DAA3-4772-9101-1E0C7759E131}.Release|Any CPU.Build.0 = Release|Any CPU
		{7C92C9E9-3507-46D5-8615-C03B28BAA493}.Debug|Any CPU.ActiveCfg = Debug|Any CPU
		{7C92C9E9-3507-46D5-8615-C03B28BAA493}.Debug|Any CPU.Build.0 = Debug|Any CPU
		{7C92C9E9-3507-46D5-8615-C03B28BAA493}.Release|Any CPU.ActiveCfg = Release|Any CPU
		{7C92C9E9-3507-46D5-8615-C03B28BAA493}.Release|Any CPU.Build.0 = Release|Any CPU
		{539BDEC9-D49A-47CC-A0DF-CE9D69AE850D}.Debug|Any CPU.ActiveCfg = Debug|Any CPU
		{539BDEC9-D49A-47CC-A0DF-CE9D69AE850D}.Debug|Any CPU.Build.0 = Debug|Any CPU
		{539BDEC9-D49A-47CC-A0DF-CE9D69AE850D}.Release|Any CPU.ActiveCfg = Release|Any CPU
		{539BDEC9-D49A-47CC-A0DF-CE9D69AE850D}.Release|Any CPU.Build.0 = Release|Any CPU
		{AC17DC9F-D162-4D36-A1AF-84E3F292DEA2}.Debug|Any CPU.ActiveCfg = Debug|Any CPU
		{AC17DC9F-D162-4D36-A1AF-84E3F292DEA2}.Debug|Any CPU.Build.0 = Debug|Any CPU
		{AC17DC9F-D162-4D36-A1AF-84E3F292DEA2}.Release|Any CPU.ActiveCfg = Release|Any CPU
		{AC17DC9F-D162-4D36-A1AF-84E3F292DEA2}.Release|Any CPU.Build.0 = Release|Any CPU
		{5ACC7331-3701-4CAF-8C9E-BBC8DEBC730E}.Debug|Any CPU.ActiveCfg = Debug|Any CPU
		{5ACC7331-3701-4CAF-8C9E-BBC8DEBC730E}.Debug|Any CPU.Build.0 = Debug|Any CPU
		{5ACC7331-3701-4CAF-8C9E-BBC8DEBC730E}.Release|Any CPU.ActiveCfg = Release|Any CPU
		{5ACC7331-3701-4CAF-8C9E-BBC8DEBC730E}.Release|Any CPU.Build.0 = Release|Any CPU
		{EDC4FB44-A208-4740-801E-1F5320A9BD1E}.Debug|Any CPU.ActiveCfg = Debug|Any CPU
		{EDC4FB44-A208-4740-801E-1F5320A9BD1E}.Debug|Any CPU.Build.0 = Debug|Any CPU
		{EDC4FB44-A208-4740-801E-1F5320A9BD1E}.Release|Any CPU.ActiveCfg = Release|Any CPU
		{EDC4FB44-A208-4740-801E-1F5320A9BD1E}.Release|Any CPU.Build.0 = Release|Any CPU
		{FC657F1B-4441-4C6A-94A3-398E334911A5}.Debug|Any CPU.ActiveCfg = Debug|Any CPU
		{FC657F1B-4441-4C6A-94A3-398E334911A5}.Debug|Any CPU.Build.0 = Debug|Any CPU
		{FC657F1B-4441-4C6A-94A3-398E334911A5}.Release|Any CPU.ActiveCfg = Release|Any CPU
		{FC657F1B-4441-4C6A-94A3-398E334911A5}.Release|Any CPU.Build.0 = Release|Any CPU
		{134FE69B-CF0E-41AA-B6B9-4F6858EB9D20}.Debug|Any CPU.ActiveCfg = Debug|Any CPU
		{134FE69B-CF0E-41AA-B6B9-4F6858EB9D20}.Debug|Any CPU.Build.0 = Debug|Any CPU
		{134FE69B-CF0E-41AA-B6B9-4F6858EB9D20}.Release|Any CPU.ActiveCfg = Release|Any CPU
		{134FE69B-CF0E-41AA-B6B9-4F6858EB9D20}.Release|Any CPU.Build.0 = Release|Any CPU
		{7596AA69-C38B-4B7E-B0F8-2F97B38F3D5F}.Debug|Any CPU.ActiveCfg = Debug|Any CPU
		{7596AA69-C38B-4B7E-B0F8-2F97B38F3D5F}.Debug|Any CPU.Build.0 = Debug|Any CPU
		{7596AA69-C38B-4B7E-B0F8-2F97B38F3D5F}.Release|Any CPU.ActiveCfg = Release|Any CPU
		{7596AA69-C38B-4B7E-B0F8-2F97B38F3D5F}.Release|Any CPU.Build.0 = Release|Any CPU
		{FC043EBD-C7E9-48E2-AA10-48598B7183D5}.Debug|Any CPU.ActiveCfg = Debug|Any CPU
		{FC043EBD-C7E9-48E2-AA10-48598B7183D5}.Debug|Any CPU.Build.0 = Debug|Any CPU
		{FC043EBD-C7E9-48E2-AA10-48598B7183D5}.Release|Any CPU.ActiveCfg = Release|Any CPU
		{FC043EBD-C7E9-48E2-AA10-48598B7183D5}.Release|Any CPU.Build.0 = Release|Any CPU
		{4F6E1720-66E2-4F55-BCE8-405688A6588F}.Debug|Any CPU.ActiveCfg = Debug|Any CPU
		{4F6E1720-66E2-4F55-BCE8-405688A6588F}.Debug|Any CPU.Build.0 = Debug|Any CPU
		{4F6E1720-66E2-4F55-BCE8-405688A6588F}.Release|Any CPU.ActiveCfg = Release|Any CPU
		{4F6E1720-66E2-4F55-BCE8-405688A6588F}.Release|Any CPU.Build.0 = Release|Any CPU
		{354313D3-08E7-4B19-96CB-927DF42026C4}.Debug|Any CPU.ActiveCfg = Debug|Any CPU
		{354313D3-08E7-4B19-96CB-927DF42026C4}.Debug|Any CPU.Build.0 = Debug|Any CPU
		{354313D3-08E7-4B19-96CB-927DF42026C4}.Release|Any CPU.ActiveCfg = Release|Any CPU
		{354313D3-08E7-4B19-96CB-927DF42026C4}.Release|Any CPU.Build.0 = Release|Any CPU
		{EF9D93CA-B8A2-4CC0-8E7C-2601917B8841}.Debug|Any CPU.ActiveCfg = Debug|Any CPU
		{EF9D93CA-B8A2-4CC0-8E7C-2601917B8841}.Debug|Any CPU.Build.0 = Debug|Any CPU
		{EF9D93CA-B8A2-4CC0-8E7C-2601917B8841}.Release|Any CPU.ActiveCfg = Release|Any CPU
		{EF9D93CA-B8A2-4CC0-8E7C-2601917B8841}.Release|Any CPU.Build.0 = Release|Any CPU
		{8192C186-770E-4DE6-94BA-BA3E7B73B9DC}.Debug|Any CPU.ActiveCfg = Debug|Any CPU
		{8192C186-770E-4DE6-94BA-BA3E7B73B9DC}.Debug|Any CPU.Build.0 = Debug|Any CPU
		{8192C186-770E-4DE6-94BA-BA3E7B73B9DC}.Release|Any CPU.ActiveCfg = Release|Any CPU
		{8192C186-770E-4DE6-94BA-BA3E7B73B9DC}.Release|Any CPU.Build.0 = Release|Any CPU
		{0F50C340-158C-41DC-BD5C-0D1938CDBC75}.Debug|Any CPU.ActiveCfg = Debug|Any CPU
		{0F50C340-158C-41DC-BD5C-0D1938CDBC75}.Debug|Any CPU.Build.0 = Debug|Any CPU
		{0F50C340-158C-41DC-BD5C-0D1938CDBC75}.Release|Any CPU.ActiveCfg = Release|Any CPU
		{0F50C340-158C-41DC-BD5C-0D1938CDBC75}.Release|Any CPU.Build.0 = Release|Any CPU
		{2A0EDE03-DC02-44E4-96E9-22737EA9D231}.Debug|Any CPU.ActiveCfg = Debug|Any CPU
		{2A0EDE03-DC02-44E4-96E9-22737EA9D231}.Debug|Any CPU.Build.0 = Debug|Any CPU
		{2A0EDE03-DC02-44E4-96E9-22737EA9D231}.Release|Any CPU.ActiveCfg = Release|Any CPU
		{2A0EDE03-DC02-44E4-96E9-22737EA9D231}.Release|Any CPU.Build.0 = Release|Any CPU
		{965FC5D3-3C4C-4315-A4CF-B78C519B44D3}.Debug|Any CPU.ActiveCfg = Debug|Any CPU
		{965FC5D3-3C4C-4315-A4CF-B78C519B44D3}.Debug|Any CPU.Build.0 = Debug|Any CPU
		{965FC5D3-3C4C-4315-A4CF-B78C519B44D3}.Release|Any CPU.ActiveCfg = Release|Any CPU
		{965FC5D3-3C4C-4315-A4CF-B78C519B44D3}.Release|Any CPU.Build.0 = Release|Any CPU
		{44C919A4-4959-48F7-916F-E3E42DFA573B}.Debug|Any CPU.ActiveCfg = Debug|Any CPU
		{44C919A4-4959-48F7-916F-E3E42DFA573B}.Debug|Any CPU.Build.0 = Debug|Any CPU
		{44C919A4-4959-48F7-916F-E3E42DFA573B}.Release|Any CPU.ActiveCfg = Release|Any CPU
		{44C919A4-4959-48F7-916F-E3E42DFA573B}.Release|Any CPU.Build.0 = Release|Any CPU
		{E8068FEE-DA51-4F94-A41E-C855B4191960}.Debug|Any CPU.ActiveCfg = Debug|Any CPU
		{E8068FEE-DA51-4F94-A41E-C855B4191960}.Debug|Any CPU.Build.0 = Debug|Any CPU
		{E8068FEE-DA51-4F94-A41E-C855B4191960}.Release|Any CPU.ActiveCfg = Release|Any CPU
		{E8068FEE-DA51-4F94-A41E-C855B4191960}.Release|Any CPU.Build.0 = Release|Any CPU
		{051E242B-ABD1-411C-8873-996EA83313AE}.Debug|Any CPU.ActiveCfg = Debug|Any CPU
		{051E242B-ABD1-411C-8873-996EA83313AE}.Debug|Any CPU.Build.0 = Debug|Any CPU
		{051E242B-ABD1-411C-8873-996EA83313AE}.Release|Any CPU.ActiveCfg = Release|Any CPU
		{051E242B-ABD1-411C-8873-996EA83313AE}.Release|Any CPU.Build.0 = Release|Any CPU
		{798500EB-F7C4-48F6-9671-5AE8271AAE96}.Debug|Any CPU.ActiveCfg = Debug|Any CPU
		{798500EB-F7C4-48F6-9671-5AE8271AAE96}.Debug|Any CPU.Build.0 = Debug|Any CPU
		{798500EB-F7C4-48F6-9671-5AE8271AAE96}.Release|Any CPU.ActiveCfg = Release|Any CPU
		{798500EB-F7C4-48F6-9671-5AE8271AAE96}.Release|Any CPU.Build.0 = Release|Any CPU
		{686C9FC4-DB56-4E92-A419-049B57188575}.Debug|Any CPU.ActiveCfg = Debug|Any CPU
		{686C9FC4-DB56-4E92-A419-049B57188575}.Debug|Any CPU.Build.0 = Debug|Any CPU
		{686C9FC4-DB56-4E92-A419-049B57188575}.Release|Any CPU.ActiveCfg = Release|Any CPU
		{686C9FC4-DB56-4E92-A419-049B57188575}.Release|Any CPU.Build.0 = Release|Any CPU
		{5C4F806B-AF1F-414F-A01F-2813819370B2}.Debug|Any CPU.ActiveCfg = Debug|Any CPU
		{5C4F806B-AF1F-414F-A01F-2813819370B2}.Debug|Any CPU.Build.0 = Debug|Any CPU
		{5C4F806B-AF1F-414F-A01F-2813819370B2}.Release|Any CPU.ActiveCfg = Release|Any CPU
		{5C4F806B-AF1F-414F-A01F-2813819370B2}.Release|Any CPU.Build.0 = Release|Any CPU
		{0B51E518-0630-4F52-BA0F-75F48691C84A}.Debug|Any CPU.ActiveCfg = Debug|Any CPU
		{0B51E518-0630-4F52-BA0F-75F48691C84A}.Debug|Any CPU.Build.0 = Debug|Any CPU
		{0B51E518-0630-4F52-BA0F-75F48691C84A}.Release|Any CPU.ActiveCfg = Release|Any CPU
		{0B51E518-0630-4F52-BA0F-75F48691C84A}.Release|Any CPU.Build.0 = Release|Any CPU
		{E7C70062-E894-4637-A026-73EAE58A6BE6}.Debug|Any CPU.ActiveCfg = Debug|Any CPU
		{E7C70062-E894-4637-A026-73EAE58A6BE6}.Debug|Any CPU.Build.0 = Debug|Any CPU
		{E7C70062-E894-4637-A026-73EAE58A6BE6}.Release|Any CPU.ActiveCfg = Release|Any CPU
		{E7C70062-E894-4637-A026-73EAE58A6BE6}.Release|Any CPU.Build.0 = Release|Any CPU
		{57FBF830-A444-4879-A9C2-0CA71A2947FB}.Debug|Any CPU.ActiveCfg = Debug|Any CPU
		{57FBF830-A444-4879-A9C2-0CA71A2947FB}.Debug|Any CPU.Build.0 = Debug|Any CPU
		{57FBF830-A444-4879-A9C2-0CA71A2947FB}.Release|Any CPU.ActiveCfg = Release|Any CPU
		{57FBF830-A444-4879-A9C2-0CA71A2947FB}.Release|Any CPU.Build.0 = Release|Any CPU
		{BFED3321-93E4-4E85-806F-685C458A4D21}.Debug|Any CPU.ActiveCfg = Debug|Any CPU
		{BFED3321-93E4-4E85-806F-685C458A4D21}.Debug|Any CPU.Build.0 = Debug|Any CPU
		{BFED3321-93E4-4E85-806F-685C458A4D21}.Release|Any CPU.ActiveCfg = Release|Any CPU
		{BFED3321-93E4-4E85-806F-685C458A4D21}.Release|Any CPU.Build.0 = Release|Any CPU
		{70C3AA08-5C73-41C6-97A0-DBB2482D45A3}.Debug|Any CPU.ActiveCfg = Debug|Any CPU
		{70C3AA08-5C73-41C6-97A0-DBB2482D45A3}.Debug|Any CPU.Build.0 = Debug|Any CPU
		{70C3AA08-5C73-41C6-97A0-DBB2482D45A3}.Release|Any CPU.ActiveCfg = Release|Any CPU
		{70C3AA08-5C73-41C6-97A0-DBB2482D45A3}.Release|Any CPU.Build.0 = Release|Any CPU
		{6B0B9B9D-6F6A-425F-848D-95879D0B1CC3}.Debug|Any CPU.ActiveCfg = Debug|Any CPU
		{6B0B9B9D-6F6A-425F-848D-95879D0B1CC3}.Debug|Any CPU.Build.0 = Debug|Any CPU
		{6B0B9B9D-6F6A-425F-848D-95879D0B1CC3}.Release|Any CPU.ActiveCfg = Release|Any CPU
		{6B0B9B9D-6F6A-425F-848D-95879D0B1CC3}.Release|Any CPU.Build.0 = Release|Any CPU
		{19818812-9940-4594-B228-C9996BD37B78}.Debug|Any CPU.ActiveCfg = Debug|Any CPU
		{19818812-9940-4594-B228-C9996BD37B78}.Debug|Any CPU.Build.0 = Debug|Any CPU
		{19818812-9940-4594-B228-C9996BD37B78}.Release|Any CPU.ActiveCfg = Release|Any CPU
		{19818812-9940-4594-B228-C9996BD37B78}.Release|Any CPU.Build.0 = Release|Any CPU
		{88A9EDAA-044B-4EC5-94ED-30FEAB2234BF}.Debug|Any CPU.ActiveCfg = Debug|Any CPU
		{88A9EDAA-044B-4EC5-94ED-30FEAB2234BF}.Debug|Any CPU.Build.0 = Debug|Any CPU
		{88A9EDAA-044B-4EC5-94ED-30FEAB2234BF}.Release|Any CPU.ActiveCfg = Release|Any CPU
		{88A9EDAA-044B-4EC5-94ED-30FEAB2234BF}.Release|Any CPU.Build.0 = Release|Any CPU
		{99E36FBF-E4CF-430B-ABD1-DF4BF17ECD06}.Debug|Any CPU.ActiveCfg = Debug|Any CPU
		{99E36FBF-E4CF-430B-ABD1-DF4BF17ECD06}.Debug|Any CPU.Build.0 = Debug|Any CPU
		{99E36FBF-E4CF-430B-ABD1-DF4BF17ECD06}.Release|Any CPU.ActiveCfg = Release|Any CPU
		{99E36FBF-E4CF-430B-ABD1-DF4BF17ECD06}.Release|Any CPU.Build.0 = Release|Any CPU
		{F0B1719C-31E1-47D7-95A0-5F82B1B4CF99}.Debug|Any CPU.ActiveCfg = Debug|Any CPU
		{F0B1719C-31E1-47D7-95A0-5F82B1B4CF99}.Debug|Any CPU.Build.0 = Debug|Any CPU
		{F0B1719C-31E1-47D7-95A0-5F82B1B4CF99}.Release|Any CPU.ActiveCfg = Release|Any CPU
		{F0B1719C-31E1-47D7-95A0-5F82B1B4CF99}.Release|Any CPU.Build.0 = Release|Any CPU
		{3AE2C8C1-0054-4B2B-BD48-C99C8001ABE7}.Debug|Any CPU.ActiveCfg = Debug|Any CPU
		{3AE2C8C1-0054-4B2B-BD48-C99C8001ABE7}.Debug|Any CPU.Build.0 = Debug|Any CPU
		{3AE2C8C1-0054-4B2B-BD48-C99C8001ABE7}.Release|Any CPU.ActiveCfg = Release|Any CPU
		{3AE2C8C1-0054-4B2B-BD48-C99C8001ABE7}.Release|Any CPU.Build.0 = Release|Any CPU
		{07763F50-39CB-461F-B437-C62C5F10453F}.Debug|Any CPU.ActiveCfg = Debug|Any CPU
		{07763F50-39CB-461F-B437-C62C5F10453F}.Debug|Any CPU.Build.0 = Debug|Any CPU
		{07763F50-39CB-461F-B437-C62C5F10453F}.Release|Any CPU.ActiveCfg = Release|Any CPU
		{07763F50-39CB-461F-B437-C62C5F10453F}.Release|Any CPU.Build.0 = Release|Any CPU
	EndGlobalSection
	GlobalSection(SolutionProperties) = preSolution
		HideSolutionNode = FALSE
	EndGlobalSection
	GlobalSection(NestedProjects) = preSolution
		{6B06E991-D406-404C-997C-40886C9ADA17} = {1049ACB4-B554-414F-80E2-D1E19F7BB69A}
		{C48E4493-F876-4002-85CF-90E9A2B82DB7} = {1049ACB4-B554-414F-80E2-D1E19F7BB69A}
		{CB55AB17-8842-4547-B6D9-E3D7C5C755C5} = {1049ACB4-B554-414F-80E2-D1E19F7BB69A}
		{C1D53794-DAA3-4772-9101-1E0C7759E131} = {1049ACB4-B554-414F-80E2-D1E19F7BB69A}
		{7C92C9E9-3507-46D5-8615-C03B28BAA493} = {1049ACB4-B554-414F-80E2-D1E19F7BB69A}
		{539BDEC9-D49A-47CC-A0DF-CE9D69AE850D} = {1049ACB4-B554-414F-80E2-D1E19F7BB69A}
		{5ACC7331-3701-4CAF-8C9E-BBC8DEBC730E} = {EE8344F9-B21F-4F4B-B049-C646BB3608D4}
		{EDC4FB44-A208-4740-801E-1F5320A9BD1E} = {F00FB194-2C41-42E4-8CE0-DFA43A9A351F}
		{FC657F1B-4441-4C6A-94A3-398E334911A5} = {F00FB194-2C41-42E4-8CE0-DFA43A9A351F}
		{134FE69B-CF0E-41AA-B6B9-4F6858EB9D20} = {F00FB194-2C41-42E4-8CE0-DFA43A9A351F}
		{7596AA69-C38B-4B7E-B0F8-2F97B38F3D5F} = {81353819-57E3-4F18-A294-691FE93650D4}
		{FC043EBD-C7E9-48E2-AA10-48598B7183D5} = {81353819-57E3-4F18-A294-691FE93650D4}
		{4F6E1720-66E2-4F55-BCE8-405688A6588F} = {81353819-57E3-4F18-A294-691FE93650D4}
		{354313D3-08E7-4B19-96CB-927DF42026C4} = {81353819-57E3-4F18-A294-691FE93650D4}
		{EF9D93CA-B8A2-4CC0-8E7C-2601917B8841} = {81353819-57E3-4F18-A294-691FE93650D4}
		{8192C186-770E-4DE6-94BA-BA3E7B73B9DC} = {81353819-57E3-4F18-A294-691FE93650D4}
		{0F50C340-158C-41DC-BD5C-0D1938CDBC75} = {81353819-57E3-4F18-A294-691FE93650D4}
		{2A0EDE03-DC02-44E4-96E9-22737EA9D231} = {EFFCBB8B-B364-4FD9-AC86-8725027F9957}
		{965FC5D3-3C4C-4315-A4CF-B78C519B44D3} = {EFFCBB8B-B364-4FD9-AC86-8725027F9957}
		{44C919A4-4959-48F7-916F-E3E42DFA573B} = {EFFCBB8B-B364-4FD9-AC86-8725027F9957}
		{E8068FEE-DA51-4F94-A41E-C855B4191960} = {EFFCBB8B-B364-4FD9-AC86-8725027F9957}
		{051E242B-ABD1-411C-8873-996EA83313AE} = {EFFCBB8B-B364-4FD9-AC86-8725027F9957}
		{798500EB-F7C4-48F6-9671-5AE8271AAE96} = {A5B93072-285D-4A1F-9A9F-843356BC07BF}
		{686C9FC4-DB56-4E92-A419-049B57188575} = {A5B93072-285D-4A1F-9A9F-843356BC07BF}
		{5C4F806B-AF1F-414F-A01F-2813819370B2} = {A5B93072-285D-4A1F-9A9F-843356BC07BF}
		{0B51E518-0630-4F52-BA0F-75F48691C84A} = {A5B93072-285D-4A1F-9A9F-843356BC07BF}
		{E7C70062-E894-4637-A026-73EAE58A6BE6} = {A5B93072-285D-4A1F-9A9F-843356BC07BF}
		{57FBF830-A444-4879-A9C2-0CA71A2947FB} = {A5B93072-285D-4A1F-9A9F-843356BC07BF}
		{BFED3321-93E4-4E85-806F-685C458A4D21} = {A5B93072-285D-4A1F-9A9F-843356BC07BF}
		{70C3AA08-5C73-41C6-97A0-DBB2482D45A3} = {AE8BEE4E-734A-4597-8DC3-9D0543EAC02A}
		{6B0B9B9D-6F6A-425F-848D-95879D0B1CC3} = {AE8BEE4E-734A-4597-8DC3-9D0543EAC02A}
		{19818812-9940-4594-B228-C9996BD37B78} = {AE8BEE4E-734A-4597-8DC3-9D0543EAC02A}
	EndGlobalSection
	GlobalSection(ExtensibilityGlobals) = postSolution
		SolutionGuid = {874002D9-AF4E-43CB-A2D7-0A1D38C5CF20}
	EndGlobalSection
EndGlobal
